// !$*UTF8*$!
{
	archiveVersion = 1;
	classes = {
	};
	objectVersion = 56;
	objects = {

/* Begin PBXBuildFile section */
		BE43A8462914EBB400E6EB6C /* AppDelegate.swift in Sources */ = {isa = PBXBuildFile; fileRef = BE43A8452914EBB400E6EB6C /* AppDelegate.swift */; };
		BE43A8482914EBB400E6EB6C /* SceneDelegate.swift in Sources */ = {isa = PBXBuildFile; fileRef = BE43A8472914EBB400E6EB6C /* SceneDelegate.swift */; };
		BE43A84A2914EBB400E6EB6C /* ViewController.swift in Sources */ = {isa = PBXBuildFile; fileRef = BE43A8492914EBB400E6EB6C /* ViewController.swift */; };
		BE43A84D2914EBB400E6EB6C /* Main.storyboard in Resources */ = {isa = PBXBuildFile; fileRef = BE43A84B2914EBB400E6EB6C /* Main.storyboard */; };
		BE43A84F2914EBB500E6EB6C /* Assets.xcassets in Resources */ = {isa = PBXBuildFile; fileRef = BE43A84E2914EBB500E6EB6C /* Assets.xcassets */; };
		BE43A8522914EBB500E6EB6C /* LaunchScreen.storyboard in Resources */ = {isa = PBXBuildFile; fileRef = BE43A8502914EBB500E6EB6C /* LaunchScreen.storyboard */; };
		BE43A85D2914EBB500E6EB6C /* CoreDataConflictDemoTests.swift in Sources */ = {isa = PBXBuildFile; fileRef = BE43A85C2914EBB500E6EB6C /* CoreDataConflictDemoTests.swift */; };
		BE43A8762914F1C200E6EB6C /* MergeConflictTests.swift in Sources */ = {isa = PBXBuildFile; fileRef = BE43A8752914F1C200E6EB6C /* MergeConflictTests.swift */; };
		BE43A8792914F35300E6EB6C /* TestingModel.xcdatamodeld in Sources */ = {isa = PBXBuildFile; fileRef = BE43A8772914F35300E6EB6C /* TestingModel.xcdatamodeld */; };
		BE43A87B2914F4B800E6EB6C /* TestPersistenceController.swift in Sources */ = {isa = PBXBuildFile; fileRef = BE43A87A2914F4B800E6EB6C /* TestPersistenceController.swift */; };
		BE43A87D2914FB6D00E6EB6C /* NSManagedObjectContext+Extensions.swift in Sources */ = {isa = PBXBuildFile; fileRef = BE43A87C2914FB6D00E6EB6C /* NSManagedObjectContext+Extensions.swift */; };
		BE43A87F2914FEBE00E6EB6C /* CheckExpectation.swift in Sources */ = {isa = PBXBuildFile; fileRef = BE43A87E2914FEBE00E6EB6C /* CheckExpectation.swift */; };
/* End PBXBuildFile section */

/* Begin PBXContainerItemProxy section */
		BE43A8592914EBB500E6EB6C /* PBXContainerItemProxy */ = {
			isa = PBXContainerItemProxy;
			containerPortal = BE43A83A2914EBB400E6EB6C /* Project object */;
			proxyType = 1;
			remoteGlobalIDString = BE43A8412914EBB400E6EB6C;
			remoteInfo = CoreDataConflictDemo;
		};
/* End PBXContainerItemProxy section */

/* Begin PBXFileReference section */
		BE43A8422914EBB400E6EB6C /* CoreDataConflictDemo.app */ = {isa = PBXFileReference; explicitFileType = wrapper.application; includeInIndex = 0; path = CoreDataConflictDemo.app; sourceTree = BUILT_PRODUCTS_DIR; };
		BE43A8452914EBB400E6EB6C /* AppDelegate.swift */ = {isa = PBXFileReference; lastKnownFileType = sourcecode.swift; path = AppDelegate.swift; sourceTree = "<group>"; };
		BE43A8472914EBB400E6EB6C /* SceneDelegate.swift */ = {isa = PBXFileReference; lastKnownFileType = sourcecode.swift; path = SceneDelegate.swift; sourceTree = "<group>"; };
		BE43A8492914EBB400E6EB6C /* ViewController.swift */ = {isa = PBXFileReference; lastKnownFileType = sourcecode.swift; path = ViewController.swift; sourceTree = "<group>"; };
		BE43A84C2914EBB400E6EB6C /* Base */ = {isa = PBXFileReference; lastKnownFileType = file.storyboard; name = Base; path = Base.lproj/Main.storyboard; sourceTree = "<group>"; };
		BE43A84E2914EBB500E6EB6C /* Assets.xcassets */ = {isa = PBXFileReference; lastKnownFileType = folder.assetcatalog; path = Assets.xcassets; sourceTree = "<group>"; };
		BE43A8512914EBB500E6EB6C /* Base */ = {isa = PBXFileReference; lastKnownFileType = file.storyboard; name = Base; path = Base.lproj/LaunchScreen.storyboard; sourceTree = "<group>"; };
		BE43A8532914EBB500E6EB6C /* Info.plist */ = {isa = PBXFileReference; lastKnownFileType = text.plist.xml; path = Info.plist; sourceTree = "<group>"; };
		BE43A8582914EBB500E6EB6C /* CoreDataConflictDemoTests.xctest */ = {isa = PBXFileReference; explicitFileType = wrapper.cfbundle; includeInIndex = 0; path = CoreDataConflictDemoTests.xctest; sourceTree = BUILT_PRODUCTS_DIR; };
		BE43A85C2914EBB500E6EB6C /* CoreDataConflictDemoTests.swift */ = {isa = PBXFileReference; lastKnownFileType = sourcecode.swift; path = CoreDataConflictDemoTests.swift; sourceTree = "<group>"; };
		BE43A8752914F1C200E6EB6C /* MergeConflictTests.swift */ = {isa = PBXFileReference; lastKnownFileType = sourcecode.swift; path = MergeConflictTests.swift; sourceTree = "<group>"; };
		BE43A8782914F35300E6EB6C /* TestingModel.xcdatamodel */ = {isa = PBXFileReference; lastKnownFileType = wrapper.xcdatamodel; path = TestingModel.xcdatamodel; sourceTree = "<group>"; };
		BE43A87A2914F4B800E6EB6C /* TestPersistenceController.swift */ = {isa = PBXFileReference; lastKnownFileType = sourcecode.swift; path = TestPersistenceController.swift; sourceTree = "<group>"; };
		BE43A87C2914FB6D00E6EB6C /* NSManagedObjectContext+Extensions.swift */ = {isa = PBXFileReference; lastKnownFileType = sourcecode.swift; path = "NSManagedObjectContext+Extensions.swift"; sourceTree = "<group>"; };
		BE43A87E2914FEBE00E6EB6C /* CheckExpectation.swift */ = {isa = PBXFileReference; lastKnownFileType = sourcecode.swift; path = CheckExpectation.swift; sourceTree = "<group>"; };
/* End PBXFileReference section */

/* Begin PBXFrameworksBuildPhase section */
		BE43A83F2914EBB400E6EB6C /* Frameworks */ = {
			isa = PBXFrameworksBuildPhase;
			buildActionMask = 2147483647;
			files = (
			);
			runOnlyForDeploymentPostprocessing = 0;
		};
		BE43A8552914EBB500E6EB6C /* Frameworks */ = {
			isa = PBXFrameworksBuildPhase;
			buildActionMask = 2147483647;
			files = (
			);
			runOnlyForDeploymentPostprocessing = 0;
		};
/* End PBXFrameworksBuildPhase section */

/* Begin PBXGroup section */
		BE43A8392914EBB400E6EB6C = {
			isa = PBXGroup;
			children = (
				BE43A8442914EBB400E6EB6C /* CoreDataConflictDemo */,
				BE43A85B2914EBB500E6EB6C /* CoreDataConflictDemoTests */,
				BE43A8432914EBB400E6EB6C /* Products */,
			);
			sourceTree = "<group>";
		};
		BE43A8432914EBB400E6EB6C /* Products */ = {
			isa = PBXGroup;
			children = (
				BE43A8422914EBB400E6EB6C /* CoreDataConflictDemo.app */,
				BE43A8582914EBB500E6EB6C /* CoreDataConflictDemoTests.xctest */,
			);
			name = Products;
			sourceTree = "<group>";
		};
		BE43A8442914EBB400E6EB6C /* CoreDataConflictDemo */ = {
			isa = PBXGroup;
			children = (
				BE43A8452914EBB400E6EB6C /* AppDelegate.swift */,
				BE43A8472914EBB400E6EB6C /* SceneDelegate.swift */,
				BE43A8492914EBB400E6EB6C /* ViewController.swift */,
				BE43A84B2914EBB400E6EB6C /* Main.storyboard */,
				BE43A84E2914EBB500E6EB6C /* Assets.xcassets */,
				BE43A8502914EBB500E6EB6C /* LaunchScreen.storyboard */,
				BE43A8532914EBB500E6EB6C /* Info.plist */,
			);
			path = CoreDataConflictDemo;
			sourceTree = "<group>";
		};
		BE43A85B2914EBB500E6EB6C /* CoreDataConflictDemoTests */ = {
			isa = PBXGroup;
			children = (
				BE43A87A2914F4B800E6EB6C /* TestPersistenceController.swift */,
				BE43A85C2914EBB500E6EB6C /* CoreDataConflictDemoTests.swift */,
				BE43A8752914F1C200E6EB6C /* MergeConflictTests.swift */,
				BE43A87C2914FB6D00E6EB6C /* NSManagedObjectContext+Extensions.swift */,
				BE43A87E2914FEBE00E6EB6C /* CheckExpectation.swift */,
				BE43A8772914F35300E6EB6C /* TestingModel.xcdatamodeld */,
			);
			path = CoreDataConflictDemoTests;
			sourceTree = "<group>";
		};
/* End PBXGroup section */

/* Begin PBXNativeTarget section */
		BE43A8412914EBB400E6EB6C /* CoreDataConflictDemo */ = {
			isa = PBXNativeTarget;
			buildConfigurationList = BE43A86C2914EBB500E6EB6C /* Build configuration list for PBXNativeTarget "CoreDataConflictDemo" */;
			buildPhases = (
				BE43A83E2914EBB400E6EB6C /* Sources */,
				BE43A83F2914EBB400E6EB6C /* Frameworks */,
				BE43A8402914EBB400E6EB6C /* Resources */,
			);
			buildRules = (
			);
			dependencies = (
			);
			name = CoreDataConflictDemo;
			productName = CoreDataConflictDemo;
			productReference = BE43A8422914EBB400E6EB6C /* CoreDataConflictDemo.app */;
			productType = "com.apple.product-type.application";
		};
		BE43A8572914EBB500E6EB6C /* CoreDataConflictDemoTests */ = {
			isa = PBXNativeTarget;
			buildConfigurationList = BE43A86F2914EBB500E6EB6C /* Build configuration list for PBXNativeTarget "CoreDataConflictDemoTests" */;
			buildPhases = (
				BE43A8542914EBB500E6EB6C /* Sources */,
				BE43A8552914EBB500E6EB6C /* Frameworks */,
				BE43A8562914EBB500E6EB6C /* Resources */,
			);
			buildRules = (
			);
			dependencies = (
				BE43A85A2914EBB500E6EB6C /* PBXTargetDependency */,
			);
			name = CoreDataConflictDemoTests;
			productName = CoreDataConflictDemoTests;
			productReference = BE43A8582914EBB500E6EB6C /* CoreDataConflictDemoTests.xctest */;
			productType = "com.apple.product-type.bundle.unit-test";
		};
/* End PBXNativeTarget section */

/* Begin PBXProject section */
		BE43A83A2914EBB400E6EB6C /* Project object */ = {
			isa = PBXProject;
			attributes = {
				BuildIndependentTargetsInParallel = 1;
				LastSwiftUpdateCheck = 1400;
				LastUpgradeCheck = 1400;
				TargetAttributes = {
					BE43A8412914EBB400E6EB6C = {
						CreatedOnToolsVersion = 14.0;
					};
					BE43A8572914EBB500E6EB6C = {
						CreatedOnToolsVersion = 14.0;
						TestTargetID = BE43A8412914EBB400E6EB6C;
					};
				};
			};
			buildConfigurationList = BE43A83D2914EBB400E6EB6C /* Build configuration list for PBXProject "CoreDataConflictDemo" */;
			compatibilityVersion = "Xcode 14.0";
			developmentRegion = en;
			hasScannedForEncodings = 0;
			knownRegions = (
				en,
				Base,
			);
			mainGroup = BE43A8392914EBB400E6EB6C;
			productRefGroup = BE43A8432914EBB400E6EB6C /* Products */;
			projectDirPath = "";
			projectRoot = "";
			targets = (
				BE43A8412914EBB400E6EB6C /* CoreDataConflictDemo */,
				BE43A8572914EBB500E6EB6C /* CoreDataConflictDemoTests */,
			);
		};
/* End PBXProject section */

/* Begin PBXResourcesBuildPhase section */
		BE43A8402914EBB400E6EB6C /* Resources */ = {
			isa = PBXResourcesBuildPhase;
			buildActionMask = 2147483647;
			files = (
				BE43A8522914EBB500E6EB6C /* LaunchScreen.storyboard in Resources */,
				BE43A84F2914EBB500E6EB6C /* Assets.xcassets in Resources */,
				BE43A84D2914EBB400E6EB6C /* Main.storyboard in Resources */,
			);
			runOnlyForDeploymentPostprocessing = 0;
		};
		BE43A8562914EBB500E6EB6C /* Resources */ = {
			isa = PBXResourcesBuildPhase;
			buildActionMask = 2147483647;
			files = (
			);
			runOnlyForDeploymentPostprocessing = 0;
		};
/* End PBXResourcesBuildPhase section */

/* Begin PBXSourcesBuildPhase section */
		BE43A83E2914EBB400E6EB6C /* Sources */ = {
			isa = PBXSourcesBuildPhase;
			buildActionMask = 2147483647;
			files = (
				BE43A84A2914EBB400E6EB6C /* ViewController.swift in Sources */,
				BE43A8462914EBB400E6EB6C /* AppDelegate.swift in Sources */,
				BE43A8482914EBB400E6EB6C /* SceneDelegate.swift in Sources */,
			);
			runOnlyForDeploymentPostprocessing = 0;
		};
		BE43A8542914EBB500E6EB6C /* Sources */ = {
			isa = PBXSourcesBuildPhase;
			buildActionMask = 2147483647;
			files = (
				BE43A8762914F1C200E6EB6C /* MergeConflictTests.swift in Sources */,
				BE43A85D2914EBB500E6EB6C /* CoreDataConflictDemoTests.swift in Sources */,
				BE43A8792914F35300E6EB6C /* TestingModel.xcdatamodeld in Sources */,
				BE43A87F2914FEBE00E6EB6C /* CheckExpectation.swift in Sources */,
				BE43A87B2914F4B800E6EB6C /* TestPersistenceController.swift in Sources */,
				BE43A87D2914FB6D00E6EB6C /* NSManagedObjectContext+Extensions.swift in Sources */,
			);
			runOnlyForDeploymentPostprocessing = 0;
		};
/* End PBXSourcesBuildPhase section */

/* Begin PBXTargetDependency section */
		BE43A85A2914EBB500E6EB6C /* PBXTargetDependency */ = {
			isa = PBXTargetDependency;
			target = BE43A8412914EBB400E6EB6C /* CoreDataConflictDemo */;
			targetProxy = BE43A8592914EBB500E6EB6C /* PBXContainerItemProxy */;
		};
/* End PBXTargetDependency section */

/* Begin PBXVariantGroup section */
		BE43A84B2914EBB400E6EB6C /* Main.storyboard */ = {
			isa = PBXVariantGroup;
			children = (
				BE43A84C2914EBB400E6EB6C /* Base */,
			);
			name = Main.storyboard;
			sourceTree = "<group>";
		};
		BE43A8502914EBB500E6EB6C /* LaunchScreen.storyboard */ = {
			isa = PBXVariantGroup;
			children = (
				BE43A8512914EBB500E6EB6C /* Base */,
			);
			name = LaunchScreen.storyboard;
			sourceTree = "<group>";
		};
/* End PBXVariantGroup section */

/* Begin XCBuildConfiguration section */
		BE43A86A2914EBB500E6EB6C /* Debug */ = {
			isa = XCBuildConfiguration;
			buildSettings = {
				ALWAYS_SEARCH_USER_PATHS = NO;
				CLANG_ANALYZER_NONNULL = YES;
				CLANG_ANALYZER_NUMBER_OBJECT_CONVERSION = YES_AGGRESSIVE;
				CLANG_CXX_LANGUAGE_STANDARD = "gnu++20";
				CLANG_ENABLE_MODULES = YES;
				CLANG_ENABLE_OBJC_ARC = YES;
				CLANG_ENABLE_OBJC_WEAK = YES;
				CLANG_WARN_BLOCK_CAPTURE_AUTORELEASING = YES;
				CLANG_WARN_BOOL_CONVERSION = YES;
				CLANG_WARN_COMMA = YES;
				CLANG_WARN_CONSTANT_CONVERSION = YES;
				CLANG_WARN_DEPRECATED_OBJC_IMPLEMENTATIONS = YES;
				CLANG_WARN_DIRECT_OBJC_ISA_USAGE = YES_ERROR;
				CLANG_WARN_DOCUMENTATION_COMMENTS = YES;
				CLANG_WARN_EMPTY_BODY = YES;
				CLANG_WARN_ENUM_CONVERSION = YES;
				CLANG_WARN_INFINITE_RECURSION = YES;
				CLANG_WARN_INT_CONVERSION = YES;
				CLANG_WARN_NON_LITERAL_NULL_CONVERSION = YES;
				CLANG_WARN_OBJC_IMPLICIT_RETAIN_SELF = YES;
				CLANG_WARN_OBJC_LITERAL_CONVERSION = YES;
				CLANG_WARN_OBJC_ROOT_CLASS = YES_ERROR;
				CLANG_WARN_QUOTED_INCLUDE_IN_FRAMEWORK_HEADER = YES;
				CLANG_WARN_RANGE_LOOP_ANALYSIS = YES;
				CLANG_WARN_STRICT_PROTOTYPES = YES;
				CLANG_WARN_SUSPICIOUS_MOVE = YES;
				CLANG_WARN_UNGUARDED_AVAILABILITY = YES_AGGRESSIVE;
				CLANG_WARN_UNREACHABLE_CODE = YES;
				CLANG_WARN__DUPLICATE_METHOD_MATCH = YES;
				COPY_PHASE_STRIP = NO;
				DEBUG_INFORMATION_FORMAT = dwarf;
				ENABLE_STRICT_OBJC_MSGSEND = YES;
				ENABLE_TESTABILITY = YES;
				GCC_C_LANGUAGE_STANDARD = gnu11;
				GCC_DYNAMIC_NO_PIC = NO;
				GCC_NO_COMMON_BLOCKS = YES;
				GCC_OPTIMIZATION_LEVEL = 0;
				GCC_PREPROCESSOR_DEFINITIONS = (
					"DEBUG=1",
					"$(inherited)",
				);
				GCC_WARN_64_TO_32_BIT_CONVERSION = YES;
				GCC_WARN_ABOUT_RETURN_TYPE = YES_ERROR;
				GCC_WARN_UNDECLARED_SELECTOR = YES;
				GCC_WARN_UNINITIALIZED_AUTOS = YES_AGGRESSIVE;
				GCC_WARN_UNUSED_FUNCTION = YES;
				GCC_WARN_UNUSED_VARIABLE = YES;
				IPHONEOS_DEPLOYMENT_TARGET = 16.0;
				MTL_ENABLE_DEBUG_INFO = INCLUDE_SOURCE;
				MTL_FAST_MATH = YES;
				ONLY_ACTIVE_ARCH = YES;
				SDKROOT = iphoneos;
				SWIFT_ACTIVE_COMPILATION_CONDITIONS = DEBUG;
				SWIFT_OPTIMIZATION_LEVEL = "-Onone";
			};
			name = Debug;
		};
		BE43A86B2914EBB500E6EB6C /* Release */ = {
			isa = XCBuildConfiguration;
			buildSettings = {
				ALWAYS_SEARCH_USER_PATHS = NO;
				CLANG_ANALYZER_NONNULL = YES;
				CLANG_ANALYZER_NUMBER_OBJECT_CONVERSION = YES_AGGRESSIVE;
				CLANG_CXX_LANGUAGE_STANDARD = "gnu++20";
				CLANG_ENABLE_MODULES = YES;
				CLANG_ENABLE_OBJC_ARC = YES;
				CLANG_ENABLE_OBJC_WEAK = YES;
				CLANG_WARN_BLOCK_CAPTURE_AUTORELEASING = YES;
				CLANG_WARN_BOOL_CONVERSION = YES;
				CLANG_WARN_COMMA = YES;
				CLANG_WARN_CONSTANT_CONVERSION = YES;
				CLANG_WARN_DEPRECATED_OBJC_IMPLEMENTATIONS = YES;
				CLANG_WARN_DIRECT_OBJC_ISA_USAGE = YES_ERROR;
				CLANG_WARN_DOCUMENTATION_COMMENTS = YES;
				CLANG_WARN_EMPTY_BODY = YES;
				CLANG_WARN_ENUM_CONVERSION = YES;
				CLANG_WARN_INFINITE_RECURSION = YES;
				CLANG_WARN_INT_CONVERSION = YES;
				CLANG_WARN_NON_LITERAL_NULL_CONVERSION = YES;
				CLANG_WARN_OBJC_IMPLICIT_RETAIN_SELF = YES;
				CLANG_WARN_OBJC_LITERAL_CONVERSION = YES;
				CLANG_WARN_OBJC_ROOT_CLASS = YES_ERROR;
				CLANG_WARN_QUOTED_INCLUDE_IN_FRAMEWORK_HEADER = YES;
				CLANG_WARN_RANGE_LOOP_ANALYSIS = YES;
				CLANG_WARN_STRICT_PROTOTYPES = YES;
				CLANG_WARN_SUSPICIOUS_MOVE = YES;
				CLANG_WARN_UNGUARDED_AVAILABILITY = YES_AGGRESSIVE;
				CLANG_WARN_UNREACHABLE_CODE = YES;
				CLANG_WARN__DUPLICATE_METHOD_MATCH = YES;
				COPY_PHASE_STRIP = NO;
				DEBUG_INFORMATION_FORMAT = "dwarf-with-dsym";
				ENABLE_NS_ASSERTIONS = NO;
				ENABLE_STRICT_OBJC_MSGSEND = YES;
				GCC_C_LANGUAGE_STANDARD = gnu11;
				GCC_NO_COMMON_BLOCKS = YES;
				GCC_WARN_64_TO_32_BIT_CONVERSION = YES;
				GCC_WARN_ABOUT_RETURN_TYPE = YES_ERROR;
				GCC_WARN_UNDECLARED_SELECTOR = YES;
				GCC_WARN_UNINITIALIZED_AUTOS = YES_AGGRESSIVE;
				GCC_WARN_UNUSED_FUNCTION = YES;
				GCC_WARN_UNUSED_VARIABLE = YES;
				IPHONEOS_DEPLOYMENT_TARGET = 16.0;
				MTL_ENABLE_DEBUG_INFO = NO;
				MTL_FAST_MATH = YES;
				SDKROOT = iphoneos;
				SWIFT_COMPILATION_MODE = wholemodule;
				SWIFT_OPTIMIZATION_LEVEL = "-O";
				VALIDATE_PRODUCT = YES;
			};
			name = Release;
		};
		BE43A86D2914EBB500E6EB6C /* Debug */ = {
			isa = XCBuildConfiguration;
			buildSettings = {
				ASSETCATALOG_COMPILER_APPICON_NAME = AppIcon;
				ASSETCATALOG_COMPILER_GLOBAL_ACCENT_COLOR_NAME = AccentColor;
				CODE_SIGN_STYLE = Automatic;
				CURRENT_PROJECT_VERSION = 1;
				GENERATE_INFOPLIST_FILE = YES;
				INFOPLIST_FILE = CoreDataConflictDemo/Info.plist;
				INFOPLIST_KEY_UIApplicationSupportsIndirectInputEvents = YES;
				INFOPLIST_KEY_UILaunchStoryboardName = LaunchScreen;
				INFOPLIST_KEY_UIMainStoryboardFile = Main;
				INFOPLIST_KEY_UISupportedInterfaceOrientations_iPad = "UIInterfaceOrientationPortrait UIInterfaceOrientationPortraitUpsideDown UIInterfaceOrientationLandscapeLeft UIInterfaceOrientationLandscapeRight";
				INFOPLIST_KEY_UISupportedInterfaceOrientations_iPhone = "UIInterfaceOrientationPortrait UIInterfaceOrientationLandscapeLeft UIInterfaceOrientationLandscapeRight";
				LD_RUNPATH_SEARCH_PATHS = (
					"$(inherited)",
					"@executable_path/Frameworks",
				);
				MARKETING_VERSION = 1.0;
				PRODUCT_BUNDLE_IDENTIFIER = com.yuhanchen.CoreDataConflictDemo;
				PRODUCT_NAME = "$(TARGET_NAME)";
				SWIFT_EMIT_LOC_STRINGS = YES;
				SWIFT_VERSION = 5.0;
				TARGETED_DEVICE_FAMILY = "1,2";
			};
			name = Debug;
		};
		BE43A86E2914EBB500E6EB6C /* Release */ = {
			isa = XCBuildConfiguration;
			buildSettings = {
				ASSETCATALOG_COMPILER_APPICON_NAME = AppIcon;
				ASSETCATALOG_COMPILER_GLOBAL_ACCENT_COLOR_NAME = AccentColor;
				CODE_SIGN_STYLE = Automatic;
				CURRENT_PROJECT_VERSION = 1;
				GENERATE_INFOPLIST_FILE = YES;
				INFOPLIST_FILE = CoreDataConflictDemo/Info.plist;
				INFOPLIST_KEY_UIApplicationSupportsIndirectInputEvents = YES;
				INFOPLIST_KEY_UILaunchStoryboardName = LaunchScreen;
				INFOPLIST_KEY_UIMainStoryboardFile = Main;
				INFOPLIST_KEY_UISupportedInterfaceOrientations_iPad = "UIInterfaceOrientationPortrait UIInterfaceOrientationPortraitUpsideDown UIInterfaceOrientationLandscapeLeft UIInterfaceOrientationLandscapeRight";
				INFOPLIST_KEY_UISupportedInterfaceOrientations_iPhone = "UIInterfaceOrientationPortrait UIInterfaceOrientationLandscapeLeft UIInterfaceOrientationLandscapeRight";
				LD_RUNPATH_SEARCH_PATHS = (
					"$(inherited)",
					"@executable_path/Frameworks",
				);
				MARKETING_VERSION = 1.0;
				PRODUCT_BUNDLE_IDENTIFIER = com.yuhanchen.CoreDataConflictDemo;
				PRODUCT_NAME = "$(TARGET_NAME)";
				SWIFT_EMIT_LOC_STRINGS = YES;
				SWIFT_VERSION = 5.0;
				TARGETED_DEVICE_FAMILY = "1,2";
			};
			name = Release;
		};
		BE43A8702914EBB500E6EB6C /* Debug */ = {
			isa = XCBuildConfiguration;
			buildSettings = {
				ALWAYS_EMBED_SWIFT_STANDARD_LIBRARIES = YES;
				BUNDLE_LOADER = "$(TEST_HOST)";
				CODE_SIGN_STYLE = Automatic;
				CURRENT_PROJECT_VERSION = 1;
				GENERATE_INFOPLIST_FILE = YES;
				IPHONEOS_DEPLOYMENT_TARGET = 16.0;
				MARKETING_VERSION = 1.0;
				PRODUCT_BUNDLE_IDENTIFIER = com.yuhanchen.CoreDataConflictDemoTests;
				PRODUCT_NAME = "$(TARGET_NAME)";
				SWIFT_EMIT_LOC_STRINGS = NO;
				SWIFT_VERSION = 5.0;
				TARGETED_DEVICE_FAMILY = "1,2";
				TEST_HOST = "$(BUILT_PRODUCTS_DIR)/CoreDataConflictDemo.app/$(BUNDLE_EXECUTABLE_FOLDER_PATH)/CoreDataConflictDemo";
			};
			name = Debug;
		};
		BE43A8712914EBB500E6EB6C /* Release */ = {
			isa = XCBuildConfiguration;
			buildSettings = {
				ALWAYS_EMBED_SWIFT_STANDARD_LIBRARIES = YES;
				BUNDLE_LOADER = "$(TEST_HOST)";
				CODE_SIGN_STYLE = Automatic;
				CURRENT_PROJECT_VERSION = 1;
				GENERATE_INFOPLIST_FILE = YES;
				IPHONEOS_DEPLOYMENT_TARGET = 16.0;
				MARKETING_VERSION = 1.0;
				PRODUCT_BUNDLE_IDENTIFIER = com.yuhanchen.CoreDataConflictDemoTests;
				PRODUCT_NAME = "$(TARGET_NAME)";
				SWIFT_EMIT_LOC_STRINGS = NO;
				SWIFT_VERSION = 5.0;
				TARGETED_DEVICE_FAMILY = "1,2";
				TEST_HOST = "$(BUILT_PRODUCTS_DIR)/CoreDataConflictDemo.app/$(BUNDLE_EXECUTABLE_FOLDER_PATH)/CoreDataConflictDemo";
			};
			name = Release;
		};
/* End XCBuildConfiguration section */

/* Begin XCConfigurationList section */
		BE43A83D2914EBB400E6EB6C /* Build configuration list for PBXProject "CoreDataConflictDemo" */ = {
			isa = XCConfigurationList;
			buildConfigurations = (
				BE43A86A2914EBB500E6EB6C /* Debug */,
				BE43A86B2914EBB500E6EB6C /* Release */,
			);
			defaultConfigurationIsVisible = 0;
			defaultConfigurationName = Release;
		};
		BE43A86C2914EBB500E6EB6C /* Build configuration list for PBXNativeTarget "CoreDataConflictDemo" */ = {
			isa = XCConfigurationList;
			buildConfigurations = (
				BE43A86D2914EBB500E6EB6C /* Debug */,
				BE43A86E2914EBB500E6EB6C /* Release */,
			);
			defaultConfigurationIsVisible = 0;
			defaultConfigurationName = Release;
		};
		BE43A86F2914EBB500E6EB6C /* Build configuration list for PBXNativeTarget "CoreDataConflictDemoTests" */ = {
			isa = XCConfigurationList;
			buildConfigurations = (
				BE43A8702914EBB500E6EB6C /* Debug */,
				BE43A8712914EBB500E6EB6C /* Release */,
			);
			defaultConfigurationIsVisible = 0;
			defaultConfigurationName = Release;
		};
/* End XCConfigurationList section */

/* Begin XCVersionGroup section */
		BE43A8772914F35300E6EB6C /* TestingModel.xcdatamodeld */ = {
			isa = XCVersionGroup;
			children = (
				BE43A8782914F35300E6EB6C /* TestingModel.xcdatamodel */,
			);
			currentVersion = BE43A8782914F35300E6EB6C /* TestingModel.xcdatamodel */;
			path = TestingModel.xcdatamodeld;
			sourceTree = "<group>";
			versionGroupType = wrapper.xcdatamodel;
		};
/* End XCVersionGroup section */
	};
	rootObject = BE43A83A2914EBB400E6EB6C /* Project object */;
}
